
Microsoft Visual Studio Solution File, Format Version 12.00
# Visual Studio Version 16
VisualStudioVersion = 16.0.30907.101
MinimumVisualStudioVersion = 10.0.40219.1
Project("{FAE04EC0-301F-11D3-BF4B-00C04F79EFBC}") = "WF_SolanaJsonAPI", "WF_SolanaJsonAPI\WF_SolanaJsonAPI.csproj", "{A80F767B-1A9A-4849-9926-0DCAD854C095}"
EndProject
Project("{FAE04EC0-301F-11D3-BF4B-00C04F79EFBC}") = "SolanaClassLibrary", "SolanaClassLibrary\SolanaClassLibrary.csproj", "{8F71E73F-1294-40E4-BF65-2F31DCB3BFA0}"
EndProject
Global
	GlobalSection(SolutionConfigurationPlatforms) = preSolution
		Debug|Any CPU = Debug|Any CPU
		Release|Any CPU = Release|Any CPU
	EndGlobalSection
	GlobalSection(ProjectConfigurationPlatforms) = postSolution
		{A80F767B-1A9A-4849-9926-0DCAD854C095}.Debug|Any CPU.ActiveCfg = Debug|Any CPU
		{A80F767B-1A9A-4849-9926-0DCAD854C095}.Debug|Any CPU.Build.0 = Debug|Any CPU
		{A80F767B-1A9A-4849-9926-0DCAD854C095}.Release|Any CPU.ActiveCfg = Release|Any CPU
		{A80F767B-1A9A-4849-9926-0DCAD854C095}.Release|Any CPU.Build.0 = Release|Any CPU
		{8F71E73F-1294-40E4-BF65-2F31DCB3BFA0}.Debug|Any CPU.ActiveCfg = Debug|Any CPU
		{8F71E73F-1294-40E4-BF65-2F31DCB3BFA0}.Debug|Any CPU.Build.0 = Debug|Any CPU
		{8F71E73F-1294-40E4-BF65-2F31DCB3BFA0}.Release|Any CPU.ActiveCfg = Release|Any CPU
		{8F71E73F-1294-40E4-BF65-2F31DCB3BFA0}.Release|Any CPU.Build.0 = Release|Any CPU
	EndGlobalSection
	GlobalSection(SolutionProperties) = preSolution
		HideSolutionNode = FALSE
	EndGlobalSection
	GlobalSection(ExtensibilityGlobals) = postSolution
		SolutionGuid = {38623684-6C75-414B-AC0A-FB58BAA8FE1A}
	EndGlobalSection
EndGlobal
